
Microsoft Visual Studio Solution File, Format Version 12.00
# Visual Studio Version 17
VisualStudioVersion = 17.0.31903.59
MinimumVisualStudioVersion = 10.0.40219.1
Project("{FAE04EC0-301F-11D3-BF4B-00C04F79EFBC}") = "RiverBooks.Web", "RiverBooks.Web\RiverBooks.Web.csproj", "{4D6FF091-73F1-45B0-8C05-5B8A7C15059B}"
EndProject
Project("{FAE04EC0-301F-11D3-BF4B-00C04F79EFBC}") = "RiverBooks.Books", "RiverBooks.Books\RiverBooks.Books.csproj", "{FF51A9DF-E0E7-4E19-B0D4-0AB127BBC523}"
EndProject
Global
	GlobalSection(SolutionConfigurationPlatforms) = preSolution
		Debug|Any CPU = Debug|Any CPU
		Release|Any CPU = Release|Any CPU
	EndGlobalSection
	GlobalSection(SolutionProperties) = preSolution
		HideSolutionNode = FALSE
	EndGlobalSection
	GlobalSection(ProjectConfigurationPlatforms) = postSolution
		{4D6FF091-73F1-45B0-8C05-5B8A7C15059B}.Debug|Any CPU.ActiveCfg = Debug|Any CPU
		{4D6FF091-73F1-45B0-8C05-5B8A7C15059B}.Debug|Any CPU.Build.0 = Debug|Any CPU
		{4D6FF091-73F1-45B0-8C05-5B8A7C15059B}.Release|Any CPU.ActiveCfg = Release|Any CPU
		{4D6FF091-73F1-45B0-8C05-5B8A7C15059B}.Release|Any CPU.Build.0 = Release|Any CPU
		{FF51A9DF-E0E7-4E19-B0D4-0AB127BBC523}.Debug|Any CPU.ActiveCfg = Debug|Any CPU
		{FF51A9DF-E0E7-4E19-B0D4-0AB127BBC523}.Debug|Any CPU.Build.0 = Debug|Any CPU
		{FF51A9DF-E0E7-4E19-B0D4-0AB127BBC523}.Release|Any CPU.ActiveCfg = Release|Any CPU
		{FF51A9DF-E0E7-4E19-B0D4-0AB127BBC523}.Release|Any CPU.Build.0 = Release|Any CPU
	EndGlobalSection
EndGlobal
